
Microsoft Visual Studio Solution File, Format Version 12.00
# Visual Studio Version 17
VisualStudioVersion = 17.13.35931.197 d17.13
MinimumVisualStudioVersion = 10.0.40219.1
Project("{FAE04EC0-301F-11D3-BF4B-00C04F79EFBC}") = "Backend", "Backend.csproj", "{280F8217-C4E9-8ADD-584E-A88E70D71DC8}"
EndProject
Global
	GlobalSection(SolutionConfigurationPlatforms) = preSolution
		Debug|Any CPU = Debug|Any CPU
		Release|Any CPU = Release|Any CPU
	EndGlobalSection
	GlobalSection(ProjectConfigurationPlatforms) = postSolution
		{280F8217-C4E9-8ADD-584E-A88E70D71DC8}.Debug|Any CPU.ActiveCfg = Debug|Any CPU
		{280F8217-C4E9-8ADD-584E-A88E70D71DC8}.Debug|Any CPU.Build.0 = Debug|Any CPU
		{280F8217-C4E9-8ADD-584E-A88E70D71DC8}.Release|Any CPU.ActiveCfg = Release|Any CPU
		{280F8217-C4E9-8ADD-584E-A88E70D71DC8}.Release|Any CPU.Build.0 = Release|Any CPU
	EndGlobalSection
	GlobalSection(SolutionProperties) = preSolution
		HideSolutionNode = FALSE
	EndGlobalSection
	GlobalSection(ExtensibilityGlobals) = postSolution
		SolutionGuid = {797ABB83-A540-4322-9715-84F02D72A6EC}
	EndGlobalSection
EndGlobal
